
Microsoft Visual Studio Solution File, Format Version 12.00
# Visual Studio Version 16
VisualStudioVersion = 16.0.31019.35
MinimumVisualStudioVersion = 10.0.40219.1
Project("{FAE04EC0-301F-11D3-BF4B-00C04F79EFBC}") = "EntityFrameworkTutorial", "EntityFrameworkTutorial\EntityFrameworkTutorial.csproj", "{77E66922-DAD1-4924-A5C5-8D93BCD23E10}"
EndProject
Global
	GlobalSection(SolutionConfigurationPlatforms) = preSolution
		Debug|Any CPU = Debug|Any CPU
		Release|Any CPU = Release|Any CPU
	EndGlobalSection
	GlobalSection(ProjectConfigurationPlatforms) = postSolution
		{77E66922-DAD1-4924-A5C5-8D93BCD23E10}.Debug|Any CPU.ActiveCfg = Debug|Any CPU
		{77E66922-DAD1-4924-A5C5-8D93BCD23E10}.Debug|Any CPU.Build.0 = Debug|Any CPU
		{77E66922-DAD1-4924-A5C5-8D93BCD23E10}.Release|Any CPU.ActiveCfg = Release|Any CPU
		{77E66922-DAD1-4924-A5C5-8D93BCD23E10}.Release|Any CPU.Build.0 = Release|Any CPU
	EndGlobalSection
	GlobalSection(SolutionProperties) = preSolution
		HideSolutionNode = FALSE
	EndGlobalSection
	GlobalSection(ExtensibilityGlobals) = postSolution
		SolutionGuid = {F3A6CE9C-754D-41E9-BCFE-9E52E45D303D}
	EndGlobalSection
EndGlobal
